// !$*UTF8*$!
{
	archiveVersion = 1;
	classes = {
	};
	objectVersion = 77;
	objects = {

/* Begin PBXBuildFile section */
		0CABE29F2D66452900BEF4FB /* FirebaseAuth in Frameworks */ = {isa = PBXBuildFile; productRef = 0CABE29E2D66452900BEF4FB /* FirebaseAuth */; };
		0CABE2A12D66452900BEF4FB /* FirebaseCore in Frameworks */ = {isa = PBXBuildFile; productRef = 0CABE2A02D66452900BEF4FB /* FirebaseCore */; };
		0CABE2A32D66452900BEF4FB /* FirebaseDatabase in Frameworks */ = {isa = PBXBuildFile; productRef = 0CABE2A22D66452900BEF4FB /* FirebaseDatabase */; };
		0CABE2A52D66452900BEF4FB /* FirebaseFirestore in Frameworks */ = {isa = PBXBuildFile; productRef = 0CABE2A42D66452900BEF4FB /* FirebaseFirestore */; };
		0CABE2A72D66452900BEF4FB /* FirebaseStorage in Frameworks */ = {isa = PBXBuildFile; productRef = 0CABE2A62D66452900BEF4FB /* FirebaseStorage */; };
		0CCE87D82D59173F0025DA70 /* Lottie in Frameworks */ = {isa = PBXBuildFile; productRef = 0CCE87D72D59173F0025DA70 /* Lottie */; };
		0CE4A9C42D88DB8800A1FA1F /* StoreKit.framework in Frameworks */ = {isa = PBXBuildFile; fileRef = 0CE4A9C32D88DB8800A1FA1F /* StoreKit.framework */; };
		0CE4A9C72D88E90C00A1FA1F /* RevenueCat in Frameworks */ = {isa = PBXBuildFile; productRef = 0CE4A9C62D88E90C00A1FA1F /* RevenueCat */; };
/* End PBXBuildFile section */

/* Begin PBXFileReference section */
		0C845BD62D4FF5ED00187AC4 /* activeMeApp.app */ = {isa = PBXFileReference; explicitFileType = wrapper.application; includeInIndex = 0; path = activeMeApp.app; sourceTree = BUILT_PRODUCTS_DIR; };
		0CE4A9C32D88DB8800A1FA1F /* StoreKit.framework */ = {isa = PBXFileReference; lastKnownFileType = wrapper.framework; name = StoreKit.framework; path = System/Library/Frameworks/StoreKit.framework; sourceTree = SDKROOT; };
/* End PBXFileReference section */

/* Begin PBXFileSystemSynchronizedBuildFileExceptionSet section */
		0C1C59DB2DB0932C0044AF17 /* Exceptions for "activeMeApp" folder in "activeMeApp" target */ = {
			isa = PBXFileSystemSynchronizedBuildFileExceptionSet;
			membershipExceptions = (
				Info.plist,
			);
			target = 0C845BD52D4FF5ED00187AC4 /* activeMeApp */;
		};
/* End PBXFileSystemSynchronizedBuildFileExceptionSet section */

/* Begin PBXFileSystemSynchronizedRootGroup section */
		0C845BD82D4FF5ED00187AC4 /* activeMeApp */ = {
			isa = PBXFileSystemSynchronizedRootGroup;
			exceptions = (
				0C1C59DB2DB0932C0044AF17 /* Exceptions for "activeMeApp" folder in "activeMeApp" target */,
			);
			path = activeMeApp;
			sourceTree = "<group>";
		};
/* End PBXFileSystemSynchronizedRootGroup section */

/* Begin PBXFrameworksBuildPhase section */
		0C845BD32D4FF5ED00187AC4 /* Frameworks */ = {
			isa = PBXFrameworksBuildPhase;
			buildActionMask = 2147483647;
			files = (
				0CCE87D82D59173F0025DA70 /* Lottie in Frameworks */,
				0CE4A9C42D88DB8800A1FA1F /* StoreKit.framework in Frameworks */,
				0CABE2A12D66452900BEF4FB /* FirebaseCore in Frameworks */,
				0CABE2A32D66452900BEF4FB /* FirebaseDatabase in Frameworks */,
				0CE4A9C72D88E90C00A1FA1F /* RevenueCat in Frameworks */,
				0CABE2A52D66452900BEF4FB /* FirebaseFirestore in Frameworks */,
				0CABE29F2D66452900BEF4FB /* FirebaseAuth in Frameworks */,
				0CABE2A72D66452900BEF4FB /* FirebaseStorage in Frameworks */,
			);
			runOnlyForDeploymentPostprocessing = 0;
		};
/* End PBXFrameworksBuildPhase section */

/* Begin PBXGroup section */
		0C845BCD2D4FF5ED00187AC4 = {
			isa = PBXGroup;
			children = (
				0C845BD82D4FF5ED00187AC4 /* activeMeApp */,
				0CE4A9C22D88DB8800A1FA1F /* Frameworks */,
				0C845BD72D4FF5ED00187AC4 /* Products */,
			);
			sourceTree = "<group>";
		};
		0C845BD72D4FF5ED00187AC4 /* Products */ = {
			isa = PBXGroup;
			children = (
				0C845BD62D4FF5ED00187AC4 /* activeMeApp.app */,
			);
			name = Products;
			sourceTree = "<group>";
		};
		0CE4A9C22D88DB8800A1FA1F /* Frameworks */ = {
			isa = PBXGroup;
			children = (
				0CE4A9C32D88DB8800A1FA1F /* StoreKit.framework */,
			);
			name = Frameworks;
			sourceTree = "<group>";
		};
/* End PBXGroup section */

/* Begin PBXNativeTarget section */
		0C845BD52D4FF5ED00187AC4 /* activeMeApp */ = {
			isa = PBXNativeTarget;
			buildConfigurationList = 0C845BE42D4FF5EE00187AC4 /* Build configuration list for PBXNativeTarget "activeMeApp" */;
			buildPhases = (
				0C845BD22D4FF5ED00187AC4 /* Sources */,
				0C845BD32D4FF5ED00187AC4 /* Frameworks */,
				0C845BD42D4FF5ED00187AC4 /* Resources */,
			);
			buildRules = (
			);
			dependencies = (
			);
			fileSystemSynchronizedGroups = (
				0C845BD82D4FF5ED00187AC4 /* activeMeApp */,
			);
			name = activeMeApp;
			packageProductDependencies = (
				0CCE87D72D59173F0025DA70 /* Lottie */,
				0CABE29E2D66452900BEF4FB /* FirebaseAuth */,
				0CABE2A02D66452900BEF4FB /* FirebaseCore */,
				0CABE2A22D66452900BEF4FB /* FirebaseDatabase */,
				0CABE2A42D66452900BEF4FB /* FirebaseFirestore */,
				0CABE2A62D66452900BEF4FB /* FirebaseStorage */,
				0CE4A9C62D88E90C00A1FA1F /* RevenueCat */,
			);
			productName = activeMeApp;
			productReference = 0C845BD62D4FF5ED00187AC4 /* activeMeApp.app */;
			productType = "com.apple.product-type.application";
		};
/* End PBXNativeTarget section */

/* Begin PBXProject section */
		0C845BCE2D4FF5ED00187AC4 /* Project object */ = {
			isa = PBXProject;
			attributes = {
				BuildIndependentTargetsInParallel = 1;
				LastSwiftUpdateCheck = 1600;
				LastUpgradeCheck = 1600;
				TargetAttributes = {
					0C845BD52D4FF5ED00187AC4 = {
						CreatedOnToolsVersion = 16.0;
					};
				};
			};
			buildConfigurationList = 0C845BD12D4FF5ED00187AC4 /* Build configuration list for PBXProject "activeMeApp" */;
			developmentRegion = en;
			hasScannedForEncodings = 0;
			knownRegions = (
				en,
				Base,
			);
			mainGroup = 0C845BCD2D4FF5ED00187AC4;
			minimizedProjectReferenceProxies = 1;
			packageReferences = (
				0CCE87D62D59173F0025DA70 /* XCRemoteSwiftPackageReference "lottie-ios" */,
				0CABE29D2D66452900BEF4FB /* XCRemoteSwiftPackageReference "firebase-ios-sdk" */,
				0CE4A9C52D88E90C00A1FA1F /* XCRemoteSwiftPackageReference "purchases-ios" */,
			);
			preferredProjectObjectVersion = 77;
			productRefGroup = 0C845BD72D4FF5ED00187AC4 /* Products */;
			projectDirPath = "";
			projectRoot = "";
			targets = (
				0C845BD52D4FF5ED00187AC4 /* activeMeApp */,
			);
		};
/* End PBXProject section */

/* Begin PBXResourcesBuildPhase section */
		0C845BD42D4FF5ED00187AC4 /* Resources */ = {
			isa = PBXResourcesBuildPhase;
			buildActionMask = 2147483647;
			files = (
			);
			runOnlyForDeploymentPostprocessing = 0;
		};
/* End PBXResourcesBuildPhase section */

/* Begin PBXSourcesBuildPhase section */
		0C845BD22D4FF5ED00187AC4 /* Sources */ = {
			isa = PBXSourcesBuildPhase;
			buildActionMask = 2147483647;
			files = (
			);
			runOnlyForDeploymentPostprocessing = 0;
		};
/* End PBXSourcesBuildPhase section */

/* Begin XCBuildConfiguration section */
		0C845BE22D4FF5EE00187AC4 /* Debug */ = {
			isa = XCBuildConfiguration;
			buildSettings = {
				ALWAYS_SEARCH_USER_PATHS = NO;
				ASSETCATALOG_COMPILER_GENERATE_SWIFT_ASSET_SYMBOL_EXTENSIONS = YES;
				CLANG_ANALYZER_NONNULL = YES;
				CLANG_ANALYZER_NUMBER_OBJECT_CONVERSION = YES_AGGRESSIVE;
				CLANG_CXX_LANGUAGE_STANDARD = "gnu++20";
				CLANG_ENABLE_MODULES = YES;
				CLANG_ENABLE_OBJC_ARC = YES;
				CLANG_ENABLE_OBJC_WEAK = YES;
				CLANG_WARN_BLOCK_CAPTURE_AUTORELEASING = YES;
				CLANG_WARN_BOOL_CONVERSION = YES;
				CLANG_WARN_COMMA = YES;
				CLANG_WARN_CONSTANT_CONVERSION = YES;
				CLANG_WARN_DEPRECATED_OBJC_IMPLEMENTATIONS = YES;
				CLANG_WARN_DIRECT_OBJC_ISA_USAGE = YES_ERROR;
				CLANG_WARN_DOCUMENTATION_COMMENTS = YES;
				CLANG_WARN_EMPTY_BODY = YES;
				CLANG_WARN_ENUM_CONVERSION = YES;
				CLANG_WARN_INFINITE_RECURSION = YES;
				CLANG_WARN_INT_CONVERSION = YES;
				CLANG_WARN_NON_LITERAL_NULL_CONVERSION = YES;
				CLANG_WARN_OBJC_IMPLICIT_RETAIN_SELF = YES;
				CLANG_WARN_OBJC_LITERAL_CONVERSION = YES;
				CLANG_WARN_OBJC_ROOT_CLASS = YES_ERROR;
				CLANG_WARN_QUOTED_INCLUDE_IN_FRAMEWORK_HEADER = YES;
				CLANG_WARN_RANGE_LOOP_ANALYSIS = YES;
				CLANG_WARN_STRICT_PROTOTYPES = YES;
				CLANG_WARN_SUSPICIOUS_MOVE = YES;
				CLANG_WARN_UNGUARDED_AVAILABILITY = YES_AGGRESSIVE;
				CLANG_WARN_UNREACHABLE_CODE = YES;
				CLANG_WARN__DUPLICATE_METHOD_MATCH = YES;
				COPY_PHASE_STRIP = NO;
				DEBUG_INFORMATION_FORMAT = dwarf;
				ENABLE_STRICT_OBJC_MSGSEND = YES;
				ENABLE_TESTABILITY = YES;
				ENABLE_USER_SCRIPT_SANDBOXING = YES;
				GCC_C_LANGUAGE_STANDARD = gnu17;
				GCC_DYNAMIC_NO_PIC = NO;
				GCC_NO_COMMON_BLOCKS = YES;
				GCC_OPTIMIZATION_LEVEL = 0;
				GCC_PREPROCESSOR_DEFINITIONS = (
					"DEBUG=1",
					"$(inherited)",
				);
				GCC_WARN_64_TO_32_BIT_CONVERSION = YES;
				GCC_WARN_ABOUT_RETURN_TYPE = YES_ERROR;
				GCC_WARN_UNDECLARED_SELECTOR = YES;
				GCC_WARN_UNINITIALIZED_AUTOS = YES_AGGRESSIVE;
				GCC_WARN_UNUSED_FUNCTION = YES;
				GCC_WARN_UNUSED_VARIABLE = YES;
				IPHONEOS_DEPLOYMENT_TARGET = 18.0;
				LOCALIZATION_PREFERS_STRING_CATALOGS = YES;
				MTL_ENABLE_DEBUG_INFO = INCLUDE_SOURCE;
				MTL_FAST_MATH = YES;
				ONLY_ACTIVE_ARCH = YES;
				SDKROOT = iphoneos;
				SWIFT_ACTIVE_COMPILATION_CONDITIONS = "DEBUG $(inherited)";
				SWIFT_OPTIMIZATION_LEVEL = "-Onone";
			};
			name = Debug;
		};
		0C845BE32D4FF5EE00187AC4 /* Release */ = {
			isa = XCBuildConfiguration;
			buildSettings = {
				ALWAYS_SEARCH_USER_PATHS = NO;
				ASSETCATALOG_COMPILER_GENERATE_SWIFT_ASSET_SYMBOL_EXTENSIONS = YES;
				CLANG_ANALYZER_NONNULL = YES;
				CLANG_ANALYZER_NUMBER_OBJECT_CONVERSION = YES_AGGRESSIVE;
				CLANG_CXX_LANGUAGE_STANDARD = "gnu++20";
				CLANG_ENABLE_MODULES = YES;
				CLANG_ENABLE_OBJC_ARC = YES;
				CLANG_ENABLE_OBJC_WEAK = YES;
				CLANG_WARN_BLOCK_CAPTURE_AUTORELEASING = YES;
				CLANG_WARN_BOOL_CONVERSION = YES;
				CLANG_WARN_COMMA = YES;
				CLANG_WARN_CONSTANT_CONVERSION = YES;
				CLANG_WARN_DEPRECATED_OBJC_IMPLEMENTATIONS = YES;
				CLANG_WARN_DIRECT_OBJC_ISA_USAGE = YES_ERROR;
				CLANG_WARN_DOCUMENTATION_COMMENTS = YES;
				CLANG_WARN_EMPTY_BODY = YES;
				CLANG_WARN_ENUM_CONVERSION = YES;
				CLANG_WARN_INFINITE_RECURSION = YES;
				CLANG_WARN_INT_CONVERSION = YES;
				CLANG_WARN_NON_LITERAL_NULL_CONVERSION = YES;
				CLANG_WARN_OBJC_IMPLICIT_RETAIN_SELF = YES;
				CLANG_WARN_OBJC_LITERAL_CONVERSION = YES;
				CLANG_WARN_OBJC_ROOT_CLASS = YES_ERROR;
				CLANG_WARN_QUOTED_INCLUDE_IN_FRAMEWORK_HEADER = YES;
				CLANG_WARN_RANGE_LOOP_ANALYSIS = YES;
				CLANG_WARN_STRICT_PROTOTYPES = YES;
				CLANG_WARN_SUSPICIOUS_MOVE = YES;
				CLANG_WARN_UNGUARDED_AVAILABILITY = YES_AGGRESSIVE;
				CLANG_WARN_UNREACHABLE_CODE = YES;
				CLANG_WARN__DUPLICATE_METHOD_MATCH = YES;
				COPY_PHASE_STRIP = NO;
				DEBUG_INFORMATION_FORMAT = "dwarf-with-dsym";
				ENABLE_NS_ASSERTIONS = NO;
				ENABLE_STRICT_OBJC_MSGSEND = YES;
				ENABLE_USER_SCRIPT_SANDBOXING = YES;
				GCC_C_LANGUAGE_STANDARD = gnu17;
				GCC_NO_COMMON_BLOCKS = YES;
				GCC_WARN_64_TO_32_BIT_CONVERSION = YES;
				GCC_WARN_ABOUT_RETURN_TYPE = YES_ERROR;
				GCC_WARN_UNDECLARED_SELECTOR = YES;
				GCC_WARN_UNINITIALIZED_AUTOS = YES_AGGRESSIVE;
				GCC_WARN_UNUSED_FUNCTION = YES;
				GCC_WARN_UNUSED_VARIABLE = YES;
				IPHONEOS_DEPLOYMENT_TARGET = 18.0;
				LOCALIZATION_PREFERS_STRING_CATALOGS = YES;
				MTL_ENABLE_DEBUG_INFO = NO;
				MTL_FAST_MATH = YES;
				SDKROOT = iphoneos;
				SWIFT_COMPILATION_MODE = wholemodule;
				VALIDATE_PRODUCT = YES;
			};
			name = Release;
		};
		0C845BE52D4FF5EE00187AC4 /* Debug */ = {
			isa = XCBuildConfiguration;
			buildSettings = {
				ASSETCATALOG_COMPILER_APPICON_NAME = AppIcon;
				ASSETCATALOG_COMPILER_GLOBAL_ACCENT_COLOR_NAME = AccentColor;
				CODE_SIGN_ENTITLEMENTS = activeMeApp/activeMeApp.entitlements;
				CODE_SIGN_STYLE = Automatic;
				CURRENT_PROJECT_VERSION = 1;
				DEVELOPMENT_ASSET_PATHS = "\"activeMeApp/Preview Content\"";
				DEVELOPMENT_TEAM = TT2VC36PYK;
				ENABLE_PREVIEWS = YES;
				GENERATE_INFOPLIST_FILE = YES;
				INFOPLIST_FILE = activeMeApp/Info.plist;
				INFOPLIST_KEY_NSHealthShareUsageDescription = "Please allow access to enjoy all the features of the app.";
				INFOPLIST_KEY_NSHealthUpdateUsageDescription = "We update your Health data to help track and visualize your fitness progress.";
				INFOPLIST_KEY_UIApplicationSceneManifest_Generation = YES;
				INFOPLIST_KEY_UIApplicationSupportsIndirectInputEvents = YES;
				INFOPLIST_KEY_UILaunchScreen_Generation = YES;
				INFOPLIST_KEY_UISupportedInterfaceOrientations_iPad = "UIInterfaceOrientationPortrait UIInterfaceOrientationPortraitUpsideDown UIInterfaceOrientationLandscapeLeft UIInterfaceOrientationLandscapeRight";
				INFOPLIST_KEY_UISupportedInterfaceOrientations_iPhone = "UIInterfaceOrientationPortrait UIInterfaceOrientationLandscapeLeft UIInterfaceOrientationLandscapeRight";
				IPHONEOS_DEPLOYMENT_TARGET = 17.6;
				LD_RUNPATH_SEARCH_PATHS = (
					"$(inherited)",
					"@executable_path/Frameworks",
				);
				MARKETING_VERSION = 0.0.1;
				PRODUCT_BUNDLE_IDENTIFIER = com.taheraaktermukta.activeMeApp;
				PRODUCT_NAME = "$(TARGET_NAME)";
				SWIFT_EMIT_LOC_STRINGS = YES;
				SWIFT_VERSION = 5.0;
				TARGETED_DEVICE_FAMILY = "1,2";
			};
			name = Debug;
		};
		0C845BE62D4FF5EE00187AC4 /* Release */ = {
			isa = XCBuildConfiguration;
			buildSettings = {
				ASSETCATALOG_COMPILER_APPICON_NAME = AppIcon;
				ASSETCATALOG_COMPILER_GLOBAL_ACCENT_COLOR_NAME = AccentColor;
				CODE_SIGN_ENTITLEMENTS = activeMeApp/activeMeApp.entitlements;
				CODE_SIGN_STYLE = Automatic;
				CURRENT_PROJECT_VERSION = 1;
				DEVELOPMENT_ASSET_PATHS = "\"activeMeApp/Preview Content\"";
				DEVELOPMENT_TEAM = TT2VC36PYK;
				ENABLE_PREVIEWS = YES;
				GENERATE_INFOPLIST_FILE = YES;
				INFOPLIST_FILE = activeMeApp/Info.plist;
				INFOPLIST_KEY_NSHealthShareUsageDescription = "Please allow access to enjoy all the features of the app.";
				INFOPLIST_KEY_NSHealthUpdateUsageDescription = "We update your Health data to help track and visualize your fitness progress.";
				INFOPLIST_KEY_UIApplicationSceneManifest_Generation = YES;
				INFOPLIST_KEY_UIApplicationSupportsIndirectInputEvents = YES;
				INFOPLIST_KEY_UILaunchScreen_Generation = YES;
				INFOPLIST_KEY_UISupportedInterfaceOrientations_iPad = "UIInterfaceOrientationPortrait UIInterfaceOrientationPortraitUpsideDown UIInterfaceOrientationLandscapeLeft UIInterfaceOrientationLandscapeRight";
				INFOPLIST_KEY_UISupportedInterfaceOrientations_iPhone = "UIInterfaceOrientationPortrait UIInterfaceOrientationLandscapeLeft UIInterfaceOrientationLandscapeRight";
				IPHONEOS_DEPLOYMENT_TARGET = 17.6;
				LD_RUNPATH_SEARCH_PATHS = (
					"$(inherited)",
					"@executable_path/Frameworks",
				);
				MARKETING_VERSION = 0.0.1;
				PRODUCT_BUNDLE_IDENTIFIER = com.taheraaktermukta.activeMeApp;
				PRODUCT_NAME = "$(TARGET_NAME)";
				SWIFT_EMIT_LOC_STRINGS = YES;
				SWIFT_VERSION = 5.0;
				TARGETED_DEVICE_FAMILY = "1,2";
			};
			name = Release;
		};
/* End XCBuildConfiguration section */

/* Begin XCConfigurationList section */
		0C845BD12D4FF5ED00187AC4 /* Build configuration list for PBXProject "activeMeApp" */ = {
			isa = XCConfigurationList;
			buildConfigurations = (
				0C845BE22D4FF5EE00187AC4 /* Debug */,
				0C845BE32D4FF5EE00187AC4 /* Release */,
			);
			defaultConfigurationIsVisible = 0;
			defaultConfigurationName = Release;
		};
		0C845BE42D4FF5EE00187AC4 /* Build configuration list for PBXNativeTarget "activeMeApp" */ = {
			isa = XCConfigurationList;
			buildConfigurations = (
				0C845BE52D4FF5EE00187AC4 /* Debug */,
				0C845BE62D4FF5EE00187AC4 /* Release */,
			);
			defaultConfigurationIsVisible = 0;
			defaultConfigurationName = Release;
		};
/* End XCConfigurationList section */

/* Begin XCRemoteSwiftPackageReference section */
		0CABE29D2D66452900BEF4FB /* XCRemoteSwiftPackageReference "firebase-ios-sdk" */ = {
			isa = XCRemoteSwiftPackageReference;
			repositoryURL = "https://github.com/firebase/firebase-ios-sdk";
			requirement = {
				kind = upToNextMajorVersion;
				minimumVersion = 11.8.1;
			};
		};
		0CCE87D62D59173F0025DA70 /* XCRemoteSwiftPackageReference "lottie-ios" */ = {
			isa = XCRemoteSwiftPackageReference;
			repositoryURL = "https://github.com/airbnb/lottie-ios.git";
			requirement = {
				kind = upToNextMajorVersion;
				minimumVersion = 4.5.1;
			};
		};
		0CE4A9C52D88E90C00A1FA1F /* XCRemoteSwiftPackageReference "purchases-ios" */ = {
			isa = XCRemoteSwiftPackageReference;
			repositoryURL = "https://github.com/RevenueCat/purchases-ios.git";
			requirement = {
				kind = upToNextMajorVersion;
				minimumVersion = 5.19.0;
			};
		};
/* End XCRemoteSwiftPackageReference section */

/* Begin XCSwiftPackageProductDependency section */
		0CABE29E2D66452900BEF4FB /* FirebaseAuth */ = {
			isa = XCSwiftPackageProductDependency;
			package = 0CABE29D2D66452900BEF4FB /* XCRemoteSwiftPackageReference "firebase-ios-sdk" */;
			productName = FirebaseAuth;
		};
		0CABE2A02D66452900BEF4FB /* FirebaseCore */ = {
			isa = XCSwiftPackageProductDependency;
			package = 0CABE29D2D66452900BEF4FB /* XCRemoteSwiftPackageReference "firebase-ios-sdk" */;
			productName = FirebaseCore;
		};
		0CABE2A22D66452900BEF4FB /* FirebaseDatabase */ = {
			isa = XCSwiftPackageProductDependency;
			package = 0CABE29D2D66452900BEF4FB /* XCRemoteSwiftPackageReference "firebase-ios-sdk" */;
			productName = FirebaseDatabase;
		};
		0CABE2A42D66452900BEF4FB /* FirebaseFirestore */ = {
			isa = XCSwiftPackageProductDependency;
			package = 0CABE29D2D66452900BEF4FB /* XCRemoteSwiftPackageReference "firebase-ios-sdk" */;
			productName = FirebaseFirestore;
		};
		0CABE2A62D66452900BEF4FB /* FirebaseStorage */ = {
			isa = XCSwiftPackageProductDependency;
			package = 0CABE29D2D66452900BEF4FB /* XCRemoteSwiftPackageReference "firebase-ios-sdk" */;
			productName = FirebaseStorage;
		};
		0CCE87D72D59173F0025DA70 /* Lottie */ = {
			isa = XCSwiftPackageProductDependency;
			package = 0CCE87D62D59173F0025DA70 /* XCRemoteSwiftPackageReference "lottie-ios" */;
			productName = Lottie;
		};
		0CE4A9C62D88E90C00A1FA1F /* RevenueCat */ = {
			isa = XCSwiftPackageProductDependency;
			package = 0CE4A9C52D88E90C00A1FA1F /* XCRemoteSwiftPackageReference "purchases-ios" */;
			productName = RevenueCat;
		};
/* End XCSwiftPackageProductDependency section */
	};
	rootObject = 0C845BCE2D4FF5ED00187AC4 /* Project object */;
}
